lockfileVersion: '9.0'
settings:
  autoInstallPeers: true
  excludeLinksFromLockfile: false
importers:
  .:
    dependencies:
      lucide-react:
        specifier: ^0.468.0
        version: 0.468.0
      motion:
        specifier: ^11.15.0
        version: 11.15.0
      next:
        specifier: ^14.2.18
        version: 14.2.18
      react:
        specifier: ^18.3.1
        version: 18.3.1
      react-dom:
        specifier: ^18.3.1
        version: 18.3.1
      zod:
        specifier: ^3.23.8
        version: 3.23.8
    devDependencies:
      '@testing-library/jest-dom':
        specifier: ^6.6.3
        version: 6.6.3
      '@testing-library/react':
        specifier: ^16.1.0
        version: 16.1.0
      '@types/node':
        specifier: ^22.10.2
        version: 22.10.2
      '@types/react':
        specifier: ^18.3.12
        version: 18.3.12
      '@types/react-dom':
        specifier: ^18.3.1
        version: 18.3.1
      '@vitejs/plugin-react':
        specifier: ^4.3.4
        version: 4.3.4
      autoprefixer:
        specifier: ^10.4.20
        version: 10.4.20
      eslint:
        specifier: ^8.57.1
        version: 8.57.1
      eslint-config-next:
        specifier: ^14.2.18
        version: 14.2.18
      jsdom:
        specifier: ^25.0.1
        version: 25.0.1
      postcss:
        specifier: ^8.4.49
        version: 8.4.49
      tailwindcss:
        specifier: ^3.4.16
        version: 3.4.16
      typescript:
        specifier: ^5.7.2
        version: 5.7.2
      vitest:
        specifier: ^2.1.8
        version: 2.1.8
